
Microsoft Visual Studio Solution File, Format Version 12.00
# Visual Studio 15
VisualStudioVersion = 15.0.27004.2010
MinimumVisualStudioVersion = 10.0.40219.1
Project("{FAE04EC0-301F-11D3-BF4B-00C04F79EFBC}") = "QyClient.UI", "QyClient.UI\QyClient.UI.csproj", "{0040ED15-1943-4C44-BA27-2B044A8BF6F2}"
EndProject
Project("{FAE04EC0-301F-11D3-BF4B-00C04F79EFBC}") = "Controls", "Controls\Controls.csproj", "{26779B8D-CB3B-48C6-8AA3-460BDD42BE08}"
EndProject
Project("{2150E333-8FDC-42A3-9474-1A3956D46DE8}") = "Module", "Module", "{76BB0ACA-0B44-4626-B577-E06E208CF33B}"
EndProject
Project("{FAE04EC0-301F-11D3-BF4B-00C04F79EFBC}") = "QyClient.ChannelModule", "ChannelModule\QyClient.ChannelModule.csproj", "{2F544A6B-37AA-4C8B-9191-C5C243EF7261}"
EndProject
Project("{FAE04EC0-301F-11D3-BF4B-00C04F79EFBC}") = "QyClient.Core", "QyClient.Core\QyClient.Core.csproj", "{F83F1862-31CB-4D1B-9F67-3CE45E15B116}"
EndProject
Project("{FAE04EC0-301F-11D3-BF4B-00C04F79EFBC}") = "QyClient.HomeModule", "HomeModule\QyClient.HomeModule.csproj", "{FC9ADD9C-D231-4F50-8AB6-EC8F6830AC12}"
EndProject
Project("{FAE04EC0-301F-11D3-BF4B-00C04F79EFBC}") = "QyClient.WebService", "QyClient.WebService\QyClient.WebService.csproj", "{67014840-9575-4F68-AEBA-B3A90239F26B}"
EndProject
Project("{FAE04EC0-301F-11D3-BF4B-00C04F79EFBC}") = "QyClient.Foundation", "QyClient.Foundation\QyClient.Foundation.csproj", "{6D13250D-4A1E-4AC5-BE24-D00A275BD4A2}"
EndProject
Project("{FAE04EC0-301F-11D3-BF4B-00C04F79EFBC}") = "QyClient.UnitTest", "QyClient.UnitTest\QyClient.UnitTest.csproj", "{29392E60-0BF8-4FC4-9388-3FAED8FFA66F}"
EndProject
Global
	GlobalSection(SolutionConfigurationPlatforms) = preSolution
		Debug|Any CPU = Debug|Any CPU
		Debug|ARM = Debug|ARM
		Debug|x64 = Debug|x64
		Debug|x86 = Debug|x86
		Release|Any CPU = Release|Any CPU
		Release|ARM = Release|ARM
		Release|x64 = Release|x64
		Release|x86 = Release|x86
	EndGlobalSection
	GlobalSection(ProjectConfigurationPlatforms) = postSolution
		{0040ED15-1943-4C44-BA27-2B044A8BF6F2}.Debug|Any CPU.ActiveCfg = Debug|x86
		{0040ED15-1943-4C44-BA27-2B044A8BF6F2}.Debug|ARM.ActiveCfg = Debug|ARM
		{0040ED15-1943-4C44-BA27-2B044A8BF6F2}.Debug|ARM.Build.0 = Debug|ARM
		{0040ED15-1943-4C44-BA27-2B044A8BF6F2}.Debug|ARM.Deploy.0 = Debug|ARM
		{0040ED15-1943-4C44-BA27-2B044A8BF6F2}.Debug|x64.ActiveCfg = Debug|x64
		{0040ED15-1943-4C44-BA27-2B044A8BF6F2}.Debug|x64.Build.0 = Debug|x64
		{0040ED15-1943-4C44-BA27-2B044A8BF6F2}.Debug|x64.Deploy.0 = Debug|x64
		{0040ED15-1943-4C44-BA27-2B044A8BF6F2}.Debug|x86.ActiveCfg = Debug|x86
		{0040ED15-1943-4C44-BA27-2B044A8BF6F2}.Debug|x86.Build.0 = Debug|x86
		{0040ED15-1943-4C44-BA27-2B044A8BF6F2}.Debug|x86.Deploy.0 = Debug|x86
		{0040ED15-1943-4C44-BA27-2B044A8BF6F2}.Release|Any CPU.ActiveCfg = Release|x86
		{0040ED15-1943-4C44-BA27-2B044A8BF6F2}.Release|ARM.ActiveCfg = Release|ARM
		{0040ED15-1943-4C44-BA27-2B044A8BF6F2}.Release|ARM.Build.0 = Release|ARM
		{0040ED15-1943-4C44-BA27-2B044A8BF6F2}.Release|ARM.Deploy.0 = Release|ARM
		{0040ED15-1943-4C44-BA27-2B044A8BF6F2}.Release|x64.ActiveCfg = Release|x64
		{0040ED15-1943-4C44-BA27-2B044A8BF6F2}.Release|x64.Build.0 = Release|x64
		{0040ED15-1943-4C44-BA27-2B044A8BF6F2}.Release|x64.Deploy.0 = Release|x64
		{0040ED15-1943-4C44-BA27-2B044A8BF6F2}.Release|x86.ActiveCfg = Release|x86
		{0040ED15-1943-4C44-BA27-2B044A8BF6F2}.Release|x86.Build.0 = Release|x86
		{0040ED15-1943-4C44-BA27-2B044A8BF6F2}.Release|x86.Deploy.0 = Release|x86
		{26779B8D-CB3B-48C6-8AA3-460BDD42BE08}.Debug|Any CPU.ActiveCfg = Debug|Any CPU
		{26779B8D-CB3B-48C6-8AA3-460BDD42BE08}.Debug|Any CPU.Build.0 = Debug|Any CPU
		{26779B8D-CB3B-48C6-8AA3-460BDD42BE08}.Debug|ARM.ActiveCfg = Debug|ARM
		{26779B8D-CB3B-48C6-8AA3-460BDD42BE08}.Debug|ARM.Build.0 = Debug|ARM
		{26779B8D-CB3B-48C6-8AA3-460BDD42BE08}.Debug|x64.ActiveCfg = Debug|x64
		{26779B8D-CB3B-48C6-8AA3-460BDD42BE08}.Debug|x64.Build.0 = Debug|x64
		{26779B8D-CB3B-48C6-8AA3-460BDD42BE08}.Debug|x86.ActiveCfg = Debug|x86
		{26779B8D-CB3B-48C6-8AA3-460BDD42BE08}.Debug|x86.Build.0 = Debug|x86
		{26779B8D-CB3B-48C6-8AA3-460BDD42BE08}.Release|Any CPU.ActiveCfg = Release|Any CPU
		{26779B8D-CB3B-48C6-8AA3-460BDD42BE08}.Release|Any CPU.Build.0 = Release|Any CPU
		{26779B8D-CB3B-48C6-8AA3-460BDD42BE08}.Release|ARM.ActiveCfg = Release|ARM
		{26779B8D-CB3B-48C6-8AA3-460BDD42BE08}.Release|ARM.Build.0 = Release|ARM
		{26779B8D-CB3B-48C6-8AA3-460BDD42BE08}.Release|x64.ActiveCfg = Release|x64
		{26779B8D-CB3B-48C6-8AA3-460BDD42BE08}.Release|x64.Build.0 = Release|x64
		{26779B8D-CB3B-48C6-8AA3-460BDD42BE08}.Release|x86.ActiveCfg = Release|x86
		{26779B8D-CB3B-48C6-8AA3-460BDD42BE08}.Release|x86.Build.0 = Release|x86
		{2F544A6B-37AA-4C8B-9191-C5C243EF7261}.Debug|Any CPU.ActiveCfg = Debug|Any CPU
		{2F544A6B-37AA-4C8B-9191-C5C243EF7261}.Debug|Any CPU.Build.0 = Debug|Any CPU
		{2F544A6B-37AA-4C8B-9191-C5C243EF7261}.Debug|ARM.ActiveCfg = Debug|ARM
		{2F544A6B-37AA-4C8B-9191-C5C243EF7261}.Debug|ARM.Build.0 = Debug|ARM
		{2F544A6B-37AA-4C8B-9191-C5C243EF7261}.Debug|x64.ActiveCfg = Debug|x64
		{2F544A6B-37AA-4C8B-9191-C5C243EF7261}.Debug|x64.Build.0 = Debug|x64
		{2F544A6B-37AA-4C8B-9191-C5C243EF7261}.Debug|x86.ActiveCfg = Debug|x86
		{2F544A6B-37AA-4C8B-9191-C5C243EF7261}.Debug|x86.Build.0 = Debug|x86
		{2F544A6B-37AA-4C8B-9191-C5C243EF7261}.Release|Any CPU.ActiveCfg = Release|Any CPU
		{2F544A6B-37AA-4C8B-9191-C5C243EF7261}.Release|Any CPU.Build.0 = Release|Any CPU
		{2F544A6B-37AA-4C8B-9191-C5C243EF7261}.Release|ARM.ActiveCfg = Release|ARM
		{2F544A6B-37AA-4C8B-9191-C5C243EF7261}.Release|ARM.Build.0 = Release|ARM
		{2F544A6B-37AA-4C8B-9191-C5C243EF7261}.Release|x64.ActiveCfg = Release|x64
		{2F544A6B-37AA-4C8B-9191-C5C243EF7261}.Release|x64.Build.0 = Release|x64
		{2F544A6B-37AA-4C8B-9191-C5C243EF7261}.Release|x86.ActiveCfg = Release|x86
		{2F544A6B-37AA-4C8B-9191-C5C243EF7261}.Release|x86.Build.0 = Release|x86
		{F83F1862-31CB-4D1B-9F67-3CE45E15B116}.Debug|Any CPU.ActiveCfg = Debug|Any CPU
		{F83F1862-31CB-4D1B-9F67-3CE45E15B116}.Debug|Any CPU.Build.0 = Debug|Any CPU
		{F83F1862-31CB-4D1B-9F67-3CE45E15B116}.Debug|ARM.ActiveCfg = Debug|ARM
		{F83F1862-31CB-4D1B-9F67-3CE45E15B116}.Debug|ARM.Build.0 = Debug|ARM
		{F83F1862-31CB-4D1B-9F67-3CE45E15B116}.Debug|x64.ActiveCfg = Debug|x64
		{F83F1862-31CB-4D1B-9F67-3CE45E15B116}.Debug|x64.Build.0 = Debug|x64
		{F83F1862-31CB-4D1B-9F67-3CE45E15B116}.Debug|x86.ActiveCfg = Debug|x86
		{F83F1862-31CB-4D1B-9F67-3CE45E15B116}.Debug|x86.Build.0 = Debug|x86
		{F83F1862-31CB-4D1B-9F67-3CE45E15B116}.Release|Any CPU.ActiveCfg = Release|Any CPU
		{F83F1862-31CB-4D1B-9F67-3CE45E15B116}.Release|Any CPU.Build.0 = Release|Any CPU
		{F83F1862-31CB-4D1B-9F67-3CE45E15B116}.Release|ARM.ActiveCfg = Release|ARM
		{F83F1862-31CB-4D1B-9F67-3CE45E15B116}.Release|ARM.Build.0 = Release|ARM
		{F83F1862-31CB-4D1B-9F67-3CE45E15B116}.Release|x64.ActiveCfg = Release|x64
		{F83F1862-31CB-4D1B-9F67-3CE45E15B116}.Release|x64.Build.0 = Release|x64
		{F83F1862-31CB-4D1B-9F67-3CE45E15B116}.Release|x86.ActiveCfg = Release|x86
		{F83F1862-31CB-4D1B-9F67-3CE45E15B116}.Release|x86.Build.0 = Release|x86
		{FC9ADD9C-D231-4F50-8AB6-EC8F6830AC12}.Debug|Any CPU.ActiveCfg = Debug|Any CPU
		{FC9ADD9C-D231-4F50-8AB6-EC8F6830AC12}.Debug|Any CPU.Build.0 = Debug|Any CPU
		{FC9ADD9C-D231-4F50-8AB6-EC8F6830AC12}.Debug|ARM.ActiveCfg = Debug|ARM
		{FC9ADD9C-D231-4F50-8AB6-EC8F6830AC12}.Debug|ARM.Build.0 = Debug|ARM
		{FC9ADD9C-D231-4F50-8AB6-EC8F6830AC12}.Debug|x64.ActiveCfg = Debug|x64
		{FC9ADD9C-D231-4F50-8AB6-EC8F6830AC12}.Debug|x64.Build.0 = Debug|x64
		{FC9ADD9C-D231-4F50-8AB6-EC8F6830AC12}.Debug|x86.ActiveCfg = Debug|x86
		{FC9ADD9C-D231-4F50-8AB6-EC8F6830AC12}.Debug|x86.Build.0 = Debug|x86
		{FC9ADD9C-D231-4F50-8AB6-EC8F6830AC12}.Release|Any CPU.ActiveCfg = Release|Any CPU
		{FC9ADD9C-D231-4F50-8AB6-EC8F6830AC12}.Release|Any CPU.Build.0 = Release|Any CPU
		{FC9ADD9C-D231-4F50-8AB6-EC8F6830AC12}.Release|ARM.ActiveCfg = Release|ARM
		{FC9ADD9C-D231-4F50-8AB6-EC8F6830AC12}.Release|ARM.Build.0 = Release|ARM
		{FC9ADD9C-D231-4F50-8AB6-EC8F6830AC12}.Release|x64.ActiveCfg = Release|x64
		{FC9ADD9C-D231-4F50-8AB6-EC8F6830AC12}.Release|x64.Build.0 = Release|x64
		{FC9ADD9C-D231-4F50-8AB6-EC8F6830AC12}.Release|x86.ActiveCfg = Release|x86
		{FC9ADD9C-D231-4F50-8AB6-EC8F6830AC12}.Release|x86.Build.0 = Release|x86
		{67014840-9575-4F68-AEBA-B3A90239F26B}.Debug|Any CPU.ActiveCfg = Debug|Any CPU
		{67014840-9575-4F68-AEBA-B3A90239F26B}.Debug|Any CPU.Build.0 = Debug|Any CPU
		{67014840-9575-4F68-AEBA-B3A90239F26B}.Debug|ARM.ActiveCfg = Debug|ARM
		{67014840-9575-4F68-AEBA-B3A90239F26B}.Debug|ARM.Build.0 = Debug|ARM
		{67014840-9575-4F68-AEBA-B3A90239F26B}.Debug|x64.ActiveCfg = Debug|x64
		{67014840-9575-4F68-AEBA-B3A90239F26B}.Debug|x64.Build.0 = Debug|x64
		{67014840-9575-4F68-AEBA-B3A90239F26B}.Debug|x86.ActiveCfg = Debug|x86
		{67014840-9575-4F68-AEBA-B3A90239F26B}.Debug|x86.Build.0 = Debug|x86
		{67014840-9575-4F68-AEBA-B3A90239F26B}.Release|Any CPU.ActiveCfg = Release|Any CPU
		{67014840-9575-4F68-AEBA-B3A90239F26B}.Release|Any CPU.Build.0 = Release|Any CPU
		{67014840-9575-4F68-AEBA-B3A90239F26B}.Release|ARM.ActiveCfg = Release|ARM
		{67014840-9575-4F68-AEBA-B3A90239F26B}.Release|ARM.Build.0 = Release|ARM
		{67014840-9575-4F68-AEBA-B3A90239F26B}.Release|x64.ActiveCfg = Release|x64
		{67014840-9575-4F68-AEBA-B3A90239F26B}.Release|x64.Build.0 = Release|x64
		{67014840-9575-4F68-AEBA-B3A90239F26B}.Release|x86.ActiveCfg = Release|x86
		{67014840-9575-4F68-AEBA-B3A90239F26B}.Release|x86.Build.0 = Release|x86
		{6D13250D-4A1E-4AC5-BE24-D00A275BD4A2}.Debug|Any CPU.ActiveCfg = Debug|Any CPU
		{6D13250D-4A1E-4AC5-BE24-D00A275BD4A2}.Debug|Any CPU.Build.0 = Debug|Any CPU
		{6D13250D-4A1E-4AC5-BE24-D00A275BD4A2}.Debug|ARM.ActiveCfg = Debug|ARM
		{6D13250D-4A1E-4AC5-BE24-D00A275BD4A2}.Debug|ARM.Build.0 = Debug|ARM
		{6D13250D-4A1E-4AC5-BE24-D00A275BD4A2}.Debug|x64.ActiveCfg = Debug|x64
		{6D13250D-4A1E-4AC5-BE24-D00A275BD4A2}.Debug|x64.Build.0 = Debug|x64
		{6D13250D-4A1E-4AC5-BE24-D00A275BD4A2}.Debug|x86.ActiveCfg = Debug|x86
		{6D13250D-4A1E-4AC5-BE24-D00A275BD4A2}.Debug|x86.Build.0 = Debug|x86
		{6D13250D-4A1E-4AC5-BE24-D00A275BD4A2}.Release|Any CPU.ActiveCfg = Release|Any CPU
		{6D13250D-4A1E-4AC5-BE24-D00A275BD4A2}.Release|Any CPU.Build.0 = Release|Any CPU
		{6D13250D-4A1E-4AC5-BE24-D00A275BD4A2}.Release|ARM.ActiveCfg = Release|ARM
		{6D13250D-4A1E-4AC5-BE24-D00A275BD4A2}.Release|ARM.Build.0 = Release|ARM
		{6D13250D-4A1E-4AC5-BE24-D00A275BD4A2}.Release|x64.ActiveCfg = Release|x64
		{6D13250D-4A1E-4AC5-BE24-D00A275BD4A2}.Release|x64.Build.0 = Release|x64
		{6D13250D-4A1E-4AC5-BE24-D00A275BD4A2}.Release|x86.ActiveCfg = Release|x86
		{6D13250D-4A1E-4AC5-BE24-D00A275BD4A2}.Release|x86.Build.0 = Release|x86
		{29392E60-0BF8-4FC4-9388-3FAED8FFA66F}.Debug|Any CPU.ActiveCfg = Debug|x86
		{29392E60-0BF8-4FC4-9388-3FAED8FFA66F}.Debug|ARM.ActiveCfg = Debug|ARM
		{29392E60-0BF8-4FC4-9388-3FAED8FFA66F}.Debug|ARM.Build.0 = Debug|ARM
		{29392E60-0BF8-4FC4-9388-3FAED8FFA66F}.Debug|ARM.Deploy.0 = Debug|ARM
		{29392E60-0BF8-4FC4-9388-3FAED8FFA66F}.Debug|x64.ActiveCfg = Debug|x64
		{29392E60-0BF8-4FC4-9388-3FAED8FFA66F}.Debug|x64.Build.0 = Debug|x64
		{29392E60-0BF8-4FC4-9388-3FAED8FFA66F}.Debug|x64.Deploy.0 = Debug|x64
		{29392E60-0BF8-4FC4-9388-3FAED8FFA66F}.Debug|x86.ActiveCfg = Debug|x86
		{29392E60-0BF8-4FC4-9388-3FAED8FFA66F}.Debug|x86.Build.0 = Debug|x86
		{29392E60-0BF8-4FC4-9388-3FAED8FFA66F}.Debug|x86.Deploy.0 = Debug|x86
		{29392E60-0BF8-4FC4-9388-3FAED8FFA66F}.Release|Any CPU.ActiveCfg = Release|x86
		{29392E60-0BF8-4FC4-9388-3FAED8FFA66F}.Release|ARM.ActiveCfg = Release|ARM
		{29392E60-0BF8-4FC4-9388-3FAED8FFA66F}.Release|ARM.Build.0 = Release|ARM
		{29392E60-0BF8-4FC4-9388-3FAED8FFA66F}.Release|ARM.Deploy.0 = Release|ARM
		{29392E60-0BF8-4FC4-9388-3FAED8FFA66F}.Release|x64.ActiveCfg = Release|x64
		{29392E60-0BF8-4FC4-9388-3FAED8FFA66F}.Release|x64.Build.0 = Release|x64
		{29392E60-0BF8-4FC4-9388-3FAED8FFA66F}.Release|x64.Deploy.0 = Release|x64
		{29392E60-0BF8-4FC4-9388-3FAED8FFA66F}.Release|x86.ActiveCfg = Release|x86
		{29392E60-0BF8-4FC4-9388-3FAED8FFA66F}.Release|x86.Build.0 = Release|x86
		{29392E60-0BF8-4FC4-9388-3FAED8FFA66F}.Release|x86.Deploy.0 = Release|x86
	EndGlobalSection
	GlobalSection(SolutionProperties) = preSolution
		HideSolutionNode = FALSE
	EndGlobalSection
	GlobalSection(NestedProjects) = preSolution
		{2F544A6B-37AA-4C8B-9191-C5C243EF7261} = {76BB0ACA-0B44-4626-B577-E06E208CF33B}
		{FC9ADD9C-D231-4F50-8AB6-EC8F6830AC12} = {76BB0ACA-0B44-4626-B577-E06E208CF33B}
	EndGlobalSection
	GlobalSection(ExtensibilityGlobals) = postSolution
		SolutionGuid = {2400B061-62F8-4C47-B3EB-BC639789F319}
	EndGlobalSection
EndGlobal
